# @generated - this file is auto-generated by `mise lock` https://mise.en.dev/dev-tools/mise-lock.html

[[tools.age]]
version = "1.3.1"
backend = "aqua:FiloSottile/age"

[tools.age."platforms.linux-arm64"]
checksum = "sha256:c6878a324421b69e3e20b00ba17c04bc5c6dab0030cfe55bf8f68fa8d9e9093a"
url = "https://github.com/FiloSottile/age/releases/download/v1.3.1/age-v1.3.1-linux-arm64.tar.gz"
url_api = "https://api.github.com/repos/FiloSottile/age/releases/assets/333752668"
provenance = "github-attestations"

[tools.age."platforms.linux-arm64-musl"]
checksum = "sha256:c6878a324421b69e3e20b00ba17c04bc5c6dab0030cfe55bf8f68fa8d9e9093a"
url = "https://github.com/FiloSottile/age/releases/download/v1.3.1/age-v1.3.1-linux-arm64.tar.gz"
url_api = "https://api.github.com/repos/FiloSottile/age/releases/assets/333752668"
provenance = "github-attestations"

[tools.age."platforms.linux-x64"]
checksum = "sha256:bdc69c09cbdd6cf8b1f333d372a1f58247b3a33146406333e30c0f26e8f51377"
url = "https://github.com/FiloSottile/age/releases/download/v1.3.1/age-v1.3.1-linux-amd64.tar.gz"
url_api = "https://api.github.com/repos/FiloSottile/age/releases/assets/333752671"
provenance = "github-attestations"

[tools.age."platforms.linux-x64-musl"]
checksum = "sha256:bdc69c09cbdd6cf8b1f333d372a1f58247b3a33146406333e30c0f26e8f51377"
url = "https://github.com/FiloSottile/age/releases/download/v1.3.1/age-v1.3.1-linux-amd64.tar.gz"
url_api = "https://api.github.com/repos/FiloSottile/age/releases/assets/333752671"
provenance = "github-attestations"

[tools.age."platforms.macos-arm64"]
checksum = "sha256:01120ea2cbf0463d4c6bd767f99f3271bbed1cdc8a9aa718a76ba1fe4f01998b"
url = "https://github.com/FiloSottile/age/releases/download/v1.3.1/age-v1.3.1-darwin-arm64.tar.gz"
url_api = "https://api.github.com/repos/FiloSottile/age/releases/assets/333752669"
provenance = "github-attestations"

[tools.age."platforms.macos-x64"]
checksum = "sha256:2b233301ad21ab7b1eabd9ae1198a164005fa4928fcdd745d47c39f8593209d7"
url = "https://github.com/FiloSottile/age/releases/download/v1.3.1/age-v1.3.1-darwin-amd64.tar.gz"
url_api = "https://api.github.com/repos/FiloSottile/age/releases/assets/343881260"
provenance = "github-attestations"

[tools.age."platforms.windows-x64"]
checksum = "sha256:c56e8ce22f7e80cb85ad946cc82d198767b056366201d3e1a2b93d865be38154"
url = "https://github.com/FiloSottile/age/releases/download/v1.3.1/age-v1.3.1-windows-amd64.zip"
url_api = "https://api.github.com/repos/FiloSottile/age/releases/assets/333752673"
provenance = "github-attestations"

[[tools.flux2]]
version = "2.8.5"
backend = "aqua:fluxcd/flux2"

[tools.flux2."platforms.linux-arm64"]
checksum = "sha256:24fd29c68294f09eebf0c673f898f5e4798030ccda17f46821ff161a11c8aa5a"
url = "https://github.com/fluxcd/flux2/releases/download/v2.8.5/flux_2.8.5_linux_arm64.tar.gz"

[tools.flux2."platforms.linux-arm64".provenance.slsa]
url = "https://github.com/fluxcd/flux2/releases/download/v2.8.5/provenance.intoto.jsonl"

[tools.flux2."platforms.linux-arm64-musl"]
checksum = "sha256:24fd29c68294f09eebf0c673f898f5e4798030ccda17f46821ff161a11c8aa5a"
url = "https://github.com/fluxcd/flux2/releases/download/v2.8.5/flux_2.8.5_linux_arm64.tar.gz"

[tools.flux2."platforms.linux-arm64-musl".provenance.slsa]
url = "https://github.com/fluxcd/flux2/releases/download/v2.8.5/provenance.intoto.jsonl"

[tools.flux2."platforms.linux-x64"]
checksum = "sha256:63c178ba938a5443265b2ce02691c005acf4ef6188d4dbb9b9d87333558948c4"
url = "https://github.com/fluxcd/flux2/releases/download/v2.8.5/flux_2.8.5_linux_amd64.tar.gz"

[tools.flux2."platforms.linux-x64".provenance.slsa]
url = "https://github.com/fluxcd/flux2/releases/download/v2.8.5/provenance.intoto.jsonl"

[tools.flux2."platforms.linux-x64-musl"]
checksum = "sha256:63c178ba938a5443265b2ce02691c005acf4ef6188d4dbb9b9d87333558948c4"
url = "https://github.com/fluxcd/flux2/releases/download/v2.8.5/flux_2.8.5_linux_amd64.tar.gz"

[tools.flux2."platforms.linux-x64-musl".provenance.slsa]
url = "https://github.com/fluxcd/flux2/releases/download/v2.8.5/provenance.intoto.jsonl"

[tools.flux2."platforms.macos-arm64"]
checksum = "sha256:de5f796c7e836bc07a8bdf227c0ccde74e3938270603d527ddf17e62d0275d44"
url = "https://github.com/fluxcd/flux2/releases/download/v2.8.5/flux_2.8.5_darwin_arm64.tar.gz"

[tools.flux2."platforms.macos-arm64".provenance.slsa]
url = "https://github.com/fluxcd/flux2/releases/download/v2.8.5/provenance.intoto.jsonl"

[tools.flux2."platforms.macos-x64"]
checksum = "sha256:6182cb9d6f28d17022f51a0bf2b1dff7a41d3fbd1d3505c242a84ee0fb7808f0"
url = "https://github.com/fluxcd/flux2/releases/download/v2.8.5/flux_2.8.5_darwin_amd64.tar.gz"

[tools.flux2."platforms.macos-x64".provenance.slsa]
url = "https://github.com/fluxcd/flux2/releases/download/v2.8.5/provenance.intoto.jsonl"

[tools.flux2."platforms.windows-x64"]
checksum = "sha256:c047cef654c9c6439d324ceb947ccaff1b96928f604a9f19ce498b892212f900"
url = "https://github.com/fluxcd/flux2/releases/download/v2.8.5/flux_2.8.5_windows_amd64.zip"

[tools.flux2."platforms.windows-x64".provenance.slsa]
url = "https://github.com/fluxcd/flux2/releases/download/v2.8.5/provenance.intoto.jsonl"

[[tools.helm]]
version = "3.20.2"
backend = "aqua:helm/helm"

[tools.helm."platforms.linux-arm64"]
checksum = "sha256:5ea2d6bc2cda3f8edf985e028809f5a9278f404fb8ab24044de9b7cb9b79a691"
url = "https://get.helm.sh/helm-v3.20.2-linux-arm64.tar.gz"

[tools.helm."platforms.linux-arm64-musl"]
checksum = "sha256:5ea2d6bc2cda3f8edf985e028809f5a9278f404fb8ab24044de9b7cb9b79a691"
url = "https://get.helm.sh/helm-v3.20.2-linux-arm64.tar.gz"

[tools.helm."platforms.linux-x64"]
checksum = "sha256:258e830a9e613c8a7a302d6059b4bb3b9758f2f3e1bb8ea0d707ce10a9a72fea"
url = "https://get.helm.sh/helm-v3.20.2-linux-amd64.tar.gz"

[tools.helm."platforms.linux-x64-musl"]
checksum = "sha256:258e830a9e613c8a7a302d6059b4bb3b9758f2f3e1bb8ea0d707ce10a9a72fea"
url = "https://get.helm.sh/helm-v3.20.2-linux-amd64.tar.gz"

[tools.helm."platforms.macos-arm64"]
checksum = "sha256:139c794c22f16b579d08ddd3008c8038b9bb2814f35b5bcca91f50a1f458978d"
url = "https://get.helm.sh/helm-v3.20.2-darwin-arm64.tar.gz"

[tools.helm."platforms.macos-x64"]
checksum = "sha256:7de04301f28b902a74f6286ed941cadc86ee5e6a9086a18f2ccf1f548e99d618"
url = "https://get.helm.sh/helm-v3.20.2-darwin-amd64.tar.gz"

[tools.helm."platforms.windows-x64"]
checksum = "sha256:b3cddfa337723d47422247b503aaefbb3823f1c6d40140ffa9a45a31043e1401"
url = "https://get.helm.sh/helm-v3.20.2-windows-amd64.tar.gz"

[[tools.jq]]
version = "1.8.1"
backend = "aqua:jqlang/jq"

[tools.jq."platforms.linux-arm64"]
checksum = "sha256:6bc62f25981328edd3cfcfe6fe51b073f2d7e7710d7ef7fcdac28d4e384fc3d4"
url = "https://github.com/jqlang/jq/releases/download/jq-1.8.1/jq-linux-arm64"
provenance = "github-attestations"

[tools.jq."platforms.linux-arm64-musl"]
checksum = "sha256:6bc62f25981328edd3cfcfe6fe51b073f2d7e7710d7ef7fcdac28d4e384fc3d4"
url = "https://github.com/jqlang/jq/releases/download/jq-1.8.1/jq-linux-arm64"
provenance = "github-attestations"

[tools.jq."platforms.linux-x64"]
checksum = "sha256:020468de7539ce70ef1bceaf7cde2e8c4f2ca6c3afb84642aabc5c97d9fc2a0d"
url = "https://github.com/jqlang/jq/releases/download/jq-1.8.1/jq-linux-amd64"
provenance = "github-attestations"

[tools.jq."platforms.linux-x64-musl"]
checksum = "sha256:020468de7539ce70ef1bceaf7cde2e8c4f2ca6c3afb84642aabc5c97d9fc2a0d"
url = "https://github.com/jqlang/jq/releases/download/jq-1.8.1/jq-linux-amd64"
provenance = "github-attestations"

[tools.jq."platforms.macos-arm64"]
checksum = "sha256:a9fe3ea2f86dfc72f6728417521ec9067b343277152b114f4e98d8cb0e263603"
url = "https://github.com/jqlang/jq/releases/download/jq-1.8.1/jq-macos-arm64"
provenance = "github-attestations"

[tools.jq."platforms.macos-x64"]
checksum = "sha256:e80dbe0d2a2597e3c11c404f03337b981d74b4a8504b70586c354b7697a7c27f"
url = "https://github.com/jqlang/jq/releases/download/jq-1.8.1/jq-macos-amd64"
provenance = "github-attestations"

[tools.jq."platforms.windows-x64"]
checksum = "sha256:23cb60a1354eed6bcc8d9b9735e8c7b388cd1fdcb75726b93bc299ef22dd9334"
url = "https://github.com/jqlang/jq/releases/download/jq-1.8.1/jq-windows-amd64.exe"
provenance = "github-attestations"

[[tools.kubectl]]
version = "1.36.0"
backend = "aqua:kubernetes/kubernetes/kubectl"

[tools.kubectl."platforms.linux-arm64"]
checksum = "sha256:9f9d9c44a7b5264515ac9da5991584e2395bd50662e651132337e7b4d0c56f8f"
url = "https://dl.k8s.io/v1.36.0/bin/linux/arm64/kubectl"

[tools.kubectl."platforms.linux-arm64-musl"]
checksum = "sha256:9f9d9c44a7b5264515ac9da5991584e2395bd50662e651132337e7b4d0c56f8f"
url = "https://dl.k8s.io/v1.36.0/bin/linux/arm64/kubectl"

[tools.kubectl."platforms.linux-x64"]
checksum = "sha256:123d8c8844f46b1244c547fffb3c17180c0c26dac9890589fe7e67763298748e"
url = "https://dl.k8s.io/v1.36.0/bin/linux/amd64/kubectl"

[tools.kubectl."platforms.linux-x64-musl"]
checksum = "sha256:123d8c8844f46b1244c547fffb3c17180c0c26dac9890589fe7e67763298748e"
url = "https://dl.k8s.io/v1.36.0/bin/linux/amd64/kubectl"

[tools.kubectl."platforms.macos-arm64"]
checksum = "sha256:4bcf268eacdc1d2df74e37d86f639f27ca7dea3ae185b7b452b73b9fb5ddc14e"
url = "https://dl.k8s.io/v1.36.0/bin/darwin/arm64/kubectl"

[tools.kubectl."platforms.macos-x64"]
checksum = "sha256:06d7e9a3a26a326d43102c70b19f9d233db219d09890e558dbdc3647db732f06"
url = "https://dl.k8s.io/v1.36.0/bin/darwin/amd64/kubectl"

[tools.kubectl."platforms.windows-x64"]
checksum = "sha256:9abf2164fe79d9d80185ff5085f6154eda9d21793ee18fa8dff34dfffffed36d"
url = "https://dl.k8s.io/v1.36.0/bin/windows/amd64/kubectl.exe"

[[tools.pre-commit]]
version = "4.6.0"
backend = "aqua:pre-commit/pre-commit"

[tools.pre-commit."platforms.linux-arm64"]
checksum = "sha256:ea8a0c84902e48c1875558f2f362ed8476773aa5fc8c16c5d8f2acc2a2830a65"
url = "https://github.com/pre-commit/pre-commit/releases/download/v4.6.0/pre-commit-4.6.0.pyz"

[tools.pre-commit."platforms.linux-arm64-musl"]
checksum = "sha256:ea8a0c84902e48c1875558f2f362ed8476773aa5fc8c16c5d8f2acc2a2830a65"
url = "https://github.com/pre-commit/pre-commit/releases/download/v4.6.0/pre-commit-4.6.0.pyz"

[tools.pre-commit."platforms.linux-x64"]
checksum = "sha256:ea8a0c84902e48c1875558f2f362ed8476773aa5fc8c16c5d8f2acc2a2830a65"
url = "https://github.com/pre-commit/pre-commit/releases/download/v4.6.0/pre-commit-4.6.0.pyz"

[tools.pre-commit."platforms.linux-x64-musl"]
checksum = "sha256:ea8a0c84902e48c1875558f2f362ed8476773aa5fc8c16c5d8f2acc2a2830a65"
url = "https://github.com/pre-commit/pre-commit/releases/download/v4.6.0/pre-commit-4.6.0.pyz"

[tools.pre-commit."platforms.macos-arm64"]
checksum = "sha256:ea8a0c84902e48c1875558f2f362ed8476773aa5fc8c16c5d8f2acc2a2830a65"
url = "https://github.com/pre-commit/pre-commit/releases/download/v4.6.0/pre-commit-4.6.0.pyz"

[tools.pre-commit."platforms.macos-x64"]
checksum = "sha256:ea8a0c84902e48c1875558f2f362ed8476773aa5fc8c16c5d8f2acc2a2830a65"
url = "https://github.com/pre-commit/pre-commit/releases/download/v4.6.0/pre-commit-4.6.0.pyz"

[[tools.python]]
version = "3.14.5"
backend = "core:python"

[tools.python."platforms.linux-arm64"]
checksum = "sha256:bea1aa66159eaf97ade1225e40b7060d709154da961aa37792bb8066d8f6af49"
url = "https://github.com/astral-sh/python-build-standalone/releases/download/20260510/cpython-3.14.5+20260510-aarch64-unknown-linux-gnu-install_only_stripped.tar.gz"
provenance = "github-attestations"

[tools.python."platforms.linux-arm64-musl"]
checksum = "sha256:011e29568c2a6ed64938fba0793ca6225c99bc4d804143a26875b5f9ee3fc7fa"
url = "https://github.com/astral-sh/python-build-standalone/releases/download/20260510/cpython-3.14.5+20260510-aarch64-unknown-linux-musl-install_only_stripped.tar.gz"
provenance = "github-attestations"

[tools.python."platforms.linux-x64"]
checksum = "sha256:dc10977b0db3bef1ee2275107fde6fe9c148135b556fa352e83c6baa67d17ed6"
url = "https://github.com/astral-sh/python-build-standalone/releases/download/20260510/cpython-3.14.5+20260510-x86_64-unknown-linux-gnu-install_only_stripped.tar.gz"
provenance = "github-attestations"

[tools.python."platforms.linux-x64-musl"]
checksum = "sha256:6bc02ce4575e5d5379f4533f3d3f77acfdfd5ccd9c4edf790fcdd84578a1df01"
url = "https://github.com/astral-sh/python-build-standalone/releases/download/20260510/cpython-3.14.5+20260510-x86_64-unknown-linux-musl-install_only_stripped.tar.gz"
provenance = "github-attestations"

[tools.python."platforms.macos-arm64"]
checksum = "sha256:1bb0b3d45448dfe7e916dc62144cfd7d7a611dc6ccf05b8bb71662cc5c2a1ad2"
url = "https://github.com/astral-sh/python-build-standalone/releases/download/20260510/cpython-3.14.5+20260510-aarch64-apple-darwin-install_only_stripped.tar.gz"
provenance = "github-attestations"

[tools.python."platforms.macos-x64"]
checksum = "sha256:38662e526797db4e90b3381706b96821979fece0b536ac14b5c4e1a97e0590d5"
url = "https://github.com/astral-sh/python-build-standalone/releases/download/20260510/cpython-3.14.5+20260510-x86_64-apple-darwin-install_only_stripped.tar.gz"
provenance = "github-attestations"

[tools.python."platforms.windows-x64"]
checksum = "sha256:4d26ade49e9571ccb3bd1a88cfc72c52b11a9a9f6e204a57f38592aed137566a"
url = "https://github.com/astral-sh/python-build-standalone/releases/download/20260510/cpython-3.14.5+20260510-x86_64-pc-windows-msvc-install_only_stripped.tar.gz"
provenance = "github-attestations"

[[tools.sops]]
version = "3.12.2"
backend = "aqua:getsops/sops"

[tools.sops."platforms.linux-arm64"]
checksum = "sha256:f66de6f528dca946e910d74fa36a62a7714c11d0db16bd3c9bd8acf73b66704b"
url = "https://github.com/getsops/sops/releases/download/v3.12.2/sops-v3.12.2.linux.arm64"

[tools.sops."platforms.linux-arm64".provenance.slsa]
url = "https://github.com/getsops/sops/releases/download/v3.12.2/sops-v3.12.2.intoto.jsonl"

[tools.sops."platforms.linux-arm64-musl"]
checksum = "sha256:f66de6f528dca946e910d74fa36a62a7714c11d0db16bd3c9bd8acf73b66704b"
url = "https://github.com/getsops/sops/releases/download/v3.12.2/sops-v3.12.2.linux.arm64"

[tools.sops."platforms.linux-arm64-musl".provenance.slsa]
url = "https://github.com/getsops/sops/releases/download/v3.12.2/sops-v3.12.2.intoto.jsonl"

[tools.sops."platforms.linux-x64"]
checksum = "sha256:14e2e1ba3bef31e74b70cf0b674f6443c80f6c5f3df15d05ffc57c34851b4998"
url = "https://github.com/getsops/sops/releases/download/v3.12.2/sops-v3.12.2.linux.amd64"

[tools.sops."platforms.linux-x64".provenance.slsa]
url = "https://github.com/getsops/sops/releases/download/v3.12.2/sops-v3.12.2.intoto.jsonl"

[tools.sops."platforms.linux-x64-musl"]
checksum = "sha256:14e2e1ba3bef31e74b70cf0b674f6443c80f6c5f3df15d05ffc57c34851b4998"
url = "https://github.com/getsops/sops/releases/download/v3.12.2/sops-v3.12.2.linux.amd64"

[tools.sops."platforms.linux-x64-musl".provenance.slsa]
url = "https://github.com/getsops/sops/releases/download/v3.12.2/sops-v3.12.2.intoto.jsonl"

[tools.sops."platforms.macos-arm64"]
checksum = "sha256:284edc64acf91ca249f227ffa2b444632656e4e1ac02baa26bed7051a7d51ce5"
url = "https://github.com/getsops/sops/releases/download/v3.12.2/sops-v3.12.2.darwin.arm64"

[tools.sops."platforms.macos-arm64".provenance.slsa]
url = "https://github.com/getsops/sops/releases/download/v3.12.2/sops-v3.12.2.intoto.jsonl"

[tools.sops."platforms.macos-x64"]
checksum = "sha256:767c0dcb42e052fd6f2ac17d4473eca6f5fc4910e2b70127f1308d86c606c022"
url = "https://github.com/getsops/sops/releases/download/v3.12.2/sops-v3.12.2.darwin.amd64"

[tools.sops."platforms.macos-x64".provenance.slsa]
url = "https://github.com/getsops/sops/releases/download/v3.12.2/sops-v3.12.2.intoto.jsonl"

[tools.sops."platforms.windows-x64"]
checksum = "sha256:5e777b1854ab2a6271d8f66375970e1fe3eea838251c309de151d16a2bdf13a2"
url = "https://github.com/getsops/sops/releases/download/v3.12.2/sops-v3.12.2.amd64.exe"

[tools.sops."platforms.windows-x64".provenance.slsa]
url = "https://github.com/getsops/sops/releases/download/v3.12.2/sops-v3.12.2.intoto.jsonl"

[[tools.talhelper]]
version = "3.1.15"
backend = "aqua:budimanjojo/talhelper"

[tools.talhelper."platforms.linux-arm64"]
checksum = "sha256:68b86ec6345738c01e491f15fc62ce2de87c349ba2899a1621005017949341ae"
url = "https://github.com/budimanjojo/talhelper/releases/download/v3.1.15/talhelper_linux_arm64.tar.gz"
url_api = "https://api.github.com/repos/budimanjojo/talhelper/releases/assets/486650873"

[tools.talhelper."platforms.linux-arm64-musl"]
checksum = "sha256:68b86ec6345738c01e491f15fc62ce2de87c349ba2899a1621005017949341ae"
url = "https://github.com/budimanjojo/talhelper/releases/download/v3.1.15/talhelper_linux_arm64.tar.gz"
url_api = "https://api.github.com/repos/budimanjojo/talhelper/releases/assets/486650873"

[tools.talhelper."platforms.linux-x64"]
checksum = "sha256:c14665b737da027c990c4a553062e84ae971d6270339873c27b5a385b58fecb7"
url = "https://github.com/budimanjojo/talhelper/releases/download/v3.1.15/talhelper_linux_amd64.tar.gz"
url_api = "https://api.github.com/repos/budimanjojo/talhelper/releases/assets/486650876"

[tools.talhelper."platforms.linux-x64-musl"]
checksum = "sha256:c14665b737da027c990c4a553062e84ae971d6270339873c27b5a385b58fecb7"
url = "https://github.com/budimanjojo/talhelper/releases/download/v3.1.15/talhelper_linux_amd64.tar.gz"
url_api = "https://api.github.com/repos/budimanjojo/talhelper/releases/assets/486650876"

[tools.talhelper."platforms.macos-arm64"]
checksum = "sha256:0b3eb2d30ac610a78208bef9700eee21494052391d9e8c0650d547d44f920492"
url = "https://github.com/budimanjojo/talhelper/releases/download/v3.1.15/talhelper_darwin_arm64.tar.gz"
url_api = "https://api.github.com/repos/budimanjojo/talhelper/releases/assets/486650872"

[tools.talhelper."platforms.macos-x64"]
checksum = "sha256:e8ab13e70f7bd2f52e0eea2fe4895d67432724dd480909a16a3623ce71b6c130"
url = "https://github.com/budimanjojo/talhelper/releases/download/v3.1.15/talhelper_darwin_amd64.tar.gz"
url_api = "https://api.github.com/repos/budimanjojo/talhelper/releases/assets/486650875"

[tools.talhelper."platforms.windows-x64"]
checksum = "sha256:d5673d98ab979fd5203f7679e05bd0737c1c0f71cb46c7c9da665de81eef5dd7"
url = "https://github.com/budimanjojo/talhelper/releases/download/v3.1.15/talhelper_windows_amd64.tar.gz"
url_api = "https://api.github.com/repos/budimanjojo/talhelper/releases/assets/486650904"

[[tools.talosctl]]
version = "1.12.6"
backend = "aqua:siderolabs/talos"

[tools.talosctl."platforms.linux-arm64"]
checksum = "sha256:4d28254ee6ea994bbb0bca49b2047d69ccc90fa9ffb2004195143280443ada16"
url = "https://github.com/siderolabs/talos/releases/download/v1.12.6/talosctl-linux-arm64"
provenance = "cosign"

[tools.talosctl."platforms.linux-arm64-musl"]
checksum = "sha256:4d28254ee6ea994bbb0bca49b2047d69ccc90fa9ffb2004195143280443ada16"
url = "https://github.com/siderolabs/talos/releases/download/v1.12.6/talosctl-linux-arm64"
provenance = "cosign"

[tools.talosctl."platforms.linux-x64"]
checksum = "sha256:4c41a3b10b075292e64b182283d558e9d8e935f43239de1ed4e4b14359593efb"
url = "https://github.com/siderolabs/talos/releases/download/v1.12.6/talosctl-linux-amd64"
provenance = "cosign"

[tools.talosctl."platforms.linux-x64-musl"]
checksum = "sha256:4c41a3b10b075292e64b182283d558e9d8e935f43239de1ed4e4b14359593efb"
url = "https://github.com/siderolabs/talos/releases/download/v1.12.6/talosctl-linux-amd64"
provenance = "cosign"

[tools.talosctl."platforms.macos-arm64"]
checksum = "sha256:259f0cac549252a29f39703d992917479cec909a0ea8113c3a88d4002b395285"
url = "https://github.com/siderolabs/talos/releases/download/v1.12.6/talosctl-darwin-arm64"
provenance = "cosign"

[tools.talosctl."platforms.macos-x64"]
checksum = "sha256:86cc3a343515fac34042f0d1d2f9e7d9c67d85789e148a913b5de0bf32093095"
url = "https://github.com/siderolabs/talos/releases/download/v1.12.6/talosctl-darwin-amd64"
provenance = "cosign"

[tools.talosctl."platforms.windows-x64"]
checksum = "sha256:3b33674623ec2ef496ab490a82969bc8ec0a0000adb1679d88dfeb1f4fc0c489"
url = "https://github.com/siderolabs/talos/releases/download/v1.12.6/talosctl-windows-amd64.exe"
provenance = "cosign"

[[tools.uv]]
version = "0.11.7"
backend = "aqua:astral-sh/uv"

[tools.uv."platforms.linux-arm64"]
checksum = "sha256:46647dc16cbb7d6700f762fdd7a67d220abe18570914732bc310adc91308d272"
url = "https://github.com/astral-sh/uv/releases/download/0.11.7/uv-aarch64-unknown-linux-musl.tar.gz"
provenance = "github-attestations"

[tools.uv."platforms.linux-arm64-musl"]
checksum = "sha256:46647dc16cbb7d6700f762fdd7a67d220abe18570914732bc310adc91308d272"
url = "https://github.com/astral-sh/uv/releases/download/0.11.7/uv-aarch64-unknown-linux-musl.tar.gz"
provenance = "github-attestations"

[tools.uv."platforms.linux-x64"]
checksum = "sha256:64ddb5f1087649e3f75aa50d139aa4f36ddde728a5295a141e0fa9697bfb7b0f"
url = "https://github.com/astral-sh/uv/releases/download/0.11.7/uv-x86_64-unknown-linux-musl.tar.gz"
provenance = "github-attestations"

[tools.uv."platforms.linux-x64-musl"]
checksum = "sha256:64ddb5f1087649e3f75aa50d139aa4f36ddde728a5295a141e0fa9697bfb7b0f"
url = "https://github.com/astral-sh/uv/releases/download/0.11.7/uv-x86_64-unknown-linux-musl.tar.gz"
provenance = "github-attestations"

[tools.uv."platforms.macos-arm64"]
checksum = "sha256:66e37d91f839e12481d7b932a1eccbfe732560f42c1cfb89faddfa2454534ba8"
url = "https://github.com/astral-sh/uv/releases/download/0.11.7/uv-aarch64-apple-darwin.tar.gz"
provenance = "github-attestations"

[tools.uv."platforms.macos-x64"]
checksum = "sha256:0a4bc8fcde4974ea3560be21772aeecab600a6f43fa6e58169f9fa7b3b71d302"
url = "https://github.com/astral-sh/uv/releases/download/0.11.7/uv-x86_64-apple-darwin.tar.gz"
provenance = "github-attestations"

[tools.uv."platforms.windows-x64"]
checksum = "sha256:fe0c7815acf4fc45f8a5eff58ed3cf7ae2e15c3cf1dceadbd10c816ec1690cc1"
url = "https://github.com/astral-sh/uv/releases/download/0.11.7/uv-x86_64-pc-windows-msvc.zip"
provenance = "github-attestations"

[[tools.yq]]
version = "4.49.2"
backend = "aqua:mikefarah/yq"

[tools.yq."platforms.linux-arm64"]
checksum = "sha256:783aa3c3beedcf2bf4aaf6262eca38b92a16d3ea31e2218ca80ba8ec7226b248"
url = "https://github.com/mikefarah/yq/releases/download/v4.49.2/yq_linux_arm64"

[tools.yq."platforms.linux-arm64-musl"]
checksum = "sha256:783aa3c3beedcf2bf4aaf6262eca38b92a16d3ea31e2218ca80ba8ec7226b248"
url = "https://github.com/mikefarah/yq/releases/download/v4.49.2/yq_linux_arm64"

[tools.yq."platforms.linux-x64"]
checksum = "sha256:be2c0ddcf426b6a231648610ec5d1666ae50e9f6473e82f6486f9f4cb6e3e2f7"
url = "https://github.com/mikefarah/yq/releases/download/v4.49.2/yq_linux_amd64"

[tools.yq."platforms.linux-x64-musl"]
checksum = "sha256:be2c0ddcf426b6a231648610ec5d1666ae50e9f6473e82f6486f9f4cb6e3e2f7"
url = "https://github.com/mikefarah/yq/releases/download/v4.49.2/yq_linux_amd64"

[tools.yq."platforms.macos-arm64"]
checksum = "sha256:b0b70ede2b392ba02091b8137b42db819a7968cf232d595dd7394ac5668b4a0b"
url = "https://github.com/mikefarah/yq/releases/download/v4.49.2/yq_darwin_arm64"

[tools.yq."platforms.macos-x64"]
checksum = "sha256:c14cd4ae68d42074e58463f5ebdbc3c49ec27c6de6a23b4af58a483bc3f15aa0"
url = "https://github.com/mikefarah/yq/releases/download/v4.49.2/yq_darwin_amd64"

[tools.yq."platforms.windows-x64"]
checksum = "sha256:bca1f7349cc063b8c7e38d96bef4804829db1362e5cd19f9ff0478760ce4deb9"
url = "https://github.com/mikefarah/yq/releases/download/v4.49.2/yq_windows_amd64.exe"
